// !$*UTF8*$!
{
	archiveVersion = 1;
	classes = {
	};
	objectVersion = 48;
	objects = {

/* Begin PBXBuildFile section */
		180D65FD203A0B9300661157 /* AppDelegate.swift in Sources */ = {isa = PBXBuildFile; fileRef = 180D65FC203A0B9300661157 /* AppDelegate.swift */; };
		180D65FF203A0B9300661157 /* ViewController.swift in Sources */ = {isa = PBXBuildFile; fileRef = 180D65FE203A0B9300661157 /* ViewController.swift */; };
		180D6602203A0B9300661157 /* Main.storyboard in Resources */ = {isa = PBXBuildFile; fileRef = 180D6600203A0B9300661157 /* Main.storyboard */; };
		180D6604203A0B9300661157 /* Assets.xcassets in Resources */ = {isa = PBXBuildFile; fileRef = 180D6603203A0B9300661157 /* Assets.xcassets */; };
		180D6607203A0B9300661157 /* LaunchScreen.storyboard in Resources */ = {isa = PBXBuildFile; fileRef = 180D6605203A0B9300661157 /* LaunchScreen.storyboard */; };
		180D660F203A0BF500661157 /* BarView.swift in Sources */ = {isa = PBXBuildFile; fileRef = 180D660E203A0BF400661157 /* BarView.swift */; };
		1870D580203B3BBE0041EF53 /* LifeClock.swift in Sources */ = {isa = PBXBuildFile; fileRef = 1870D57F203B3BBE0041EF53 /* LifeClock.swift */; };
/* End PBXBuildFile section */

/* Begin PBXFileReference section */
		180D65F9203A0B9300661157 /* Lifespan 2018.app */ = {isa = PBXFileReference; explicitFileType = wrapper.application; includeInIndex = 0; path = "Lifespan 2018.app"; sourceTree = BUILT_PRODUCTS_DIR; };
		180D65FC203A0B9300661157 /* AppDelegate.swift */ = {isa = PBXFileReference; lastKnownFileType = sourcecode.swift; path = AppDelegate.swift; sourceTree = "<group>"; };
		180D65FE203A0B9300661157 /* ViewController.swift */ = {isa = PBXFileReference; lastKnownFileType = sourcecode.swift; path = ViewController.swift; sourceTree = "<group>"; };
		180D6601203A0B9300661157 /* Base */ = {isa = PBXFileReference; lastKnownFileType = file.storyboard; name = Base; path = Base.lproj/Main.storyboard; sourceTree = "<group>"; };
		180D6603203A0B9300661157 /* Assets.xcassets */ = {isa = PBXFileReference; lastKnownFileType = folder.assetcatalog; path = Assets.xcassets; sourceTree = "<group>"; };
		180D6606203A0B9300661157 /* Base */ = {isa = PBXFileReference; lastKnownFileType = file.storyboard; name = Base; path = Base.lproj/LaunchScreen.storyboard; sourceTree = "<group>"; };
		180D6608203A0B9300661157 /* Info.plist */ = {isa = PBXFileReference; lastKnownFileType = text.plist.xml; path = Info.plist; sourceTree = "<group>"; };
		180D660E203A0BF400661157 /* BarView.swift */ = {isa = PBXFileReference; fileEncoding = 4; lastKnownFileType = sourcecode.swift; path = BarView.swift; sourceTree = "<group>"; };
		1870D57F203B3BBE0041EF53 /* LifeClock.swift */ = {isa = PBXFileReference; lastKnownFileType = sourcecode.swift; path = LifeClock.swift; sourceTree = "<group>"; };
/* End PBXFileReference section */

/* Begin PBXFrameworksBuildPhase section */
		180D65F6203A0B9300661157 /* Frameworks */ = {
			isa = PBXFrameworksBuildPhase;
			buildActionMask = 2147483647;
			files = (
			);
			runOnlyForDeploymentPostprocessing = 0;
		};
/* End PBXFrameworksBuildPhase section */

/* Begin PBXGroup section */
		180D65F0203A0B9200661157 = {
			isa = PBXGroup;
			children = (
				180D65FB203A0B9300661157 /* Lifespan 2018 */,
				180D65FA203A0B9300661157 /* Products */,
			);
			sourceTree = "<group>";
		};
		180D65FA203A0B9300661157 /* Products */ = {
			isa = PBXGroup;
			children = (
				180D65F9203A0B9300661157 /* Lifespan 2018.app */,
			);
			name = Products;
			sourceTree = "<group>";
		};
		180D65FB203A0B9300661157 /* Lifespan 2018 */ = {
			isa = PBXGroup;
			children = (
				180D65FC203A0B9300661157 /* AppDelegate.swift */,
				180D65FE203A0B9300661157 /* ViewController.swift */,
				180D660E203A0BF400661157 /* BarView.swift */,
				180D6600203A0B9300661157 /* Main.storyboard */,
				180D6603203A0B9300661157 /* Assets.xcassets */,
				180D6605203A0B9300661157 /* LaunchScreen.storyboard */,
				180D6608203A0B9300661157 /* Info.plist */,
				1870D57F203B3BBE0041EF53 /* LifeClock.swift */,
			);
			path = "Lifespan 2018";
			sourceTree = "<group>";
		};
/* End PBXGroup section */

/* Begin PBXNativeTarget section */
		180D65F8203A0B9300661157 /* Lifespan 2018 */ = {
			isa = PBXNativeTarget;
			buildConfigurationList = 180D660B203A0B9300661157 /* Build configuration list for PBXNativeTarget "Lifespan 2018" */;
			buildPhases = (
				180D65F5203A0B9300661157 /* Sources */,
				180D65F6203A0B9300661157 /* Frameworks */,
				180D65F7203A0B9300661157 /* Resources */,
			);
			buildRules = (
			);
			dependencies = (
			);
			name = "Lifespan 2018";
			productName = "Lifespan 2018";
			productReference = 180D65F9203A0B9300661157 /* Lifespan 2018.app */;
			productType = "com.apple.product-type.application";
		};
/* End PBXNativeTarget section */

/* Begin PBXProject section */
		180D65F1203A0B9200661157 /* Project object */ = {
			isa = PBXProject;
			attributes = {
				LastSwiftUpdateCheck = 0920;
				LastUpgradeCheck = 0920;
				ORGANIZATIONNAME = jpavley12;
				TargetAttributes = {
					180D65F8203A0B9300661157 = {
						CreatedOnToolsVersion = 9.2;
						ProvisioningStyle = Automatic;
					};
				};
			};
			buildConfigurationList = 180D65F4203A0B9200661157 /* Build configuration list for PBXProject "Lifespan 2018" */;
			compatibilityVersion = "Xcode 8.0";
			developmentRegion = en;
			hasScannedForEncodings = 0;
			knownRegions = (
				en,
				Base,
			);
			mainGroup = 180D65F0203A0B9200661157;
			productRefGroup = 180D65FA203A0B9300661157 /* Products */;
			projectDirPath = "";
			projectRoot = "";
			targets = (
				180D65F8203A0B9300661157 /* Lifespan 2018 */,
			);
		};
/* End PBXProject section */

/* Begin PBXResourcesBuildPhase section */
		180D65F7203A0B9300661157 /* Resources */ = {
			isa = PBXResourcesBuildPhase;
			buildActionMask = 2147483647;
			files = (
				180D6607203A0B9300661157 /* LaunchScreen.storyboard in Resources */,
				180D6604203A0B9300661157 /* Assets.xcassets in Resources */,
				180D6602203A0B9300661157 /* Main.storyboard in Resources */,
			);
			runOnlyForDeploymentPostprocessing = 0;
		};
/* End PBXResourcesBuildPhase section */

/* Begin PBXSourcesBuildPhase section */
		180D65F5203A0B9300661157 /* Sources */ = {
			isa = PBXSourcesBuildPhase;
			buildActionMask = 2147483647;
			files = (
				180D660F203A0BF500661157 /* BarView.swift in Sources */,
				180D65FF203A0B9300661157 /* ViewController.swift in Sources */,
				1870D580203B3BBE0041EF53 /* LifeClock.swift in Sources */,
				180D65FD203A0B9300661157 /* AppDelegate.swift in Sources */,
			);
			runOnlyForDeploymentPostprocessing = 0;
		};
/* End PBXSourcesBuildPhase section */

/* Begin PBXVariantGroup section */
		180D6600203A0B9300661157 /* Main.storyboard */ = {
			isa = PBXVariantGroup;
			children = (
				180D6601203A0B9300661157 /* Base */,
			);
			name = Main.storyboard;
			sourceTree = "<group>";
		};
		180D6605203A0B9300661157 /* LaunchScreen.storyboard */ = {
			isa = PBXVariantGroup;
			children = (
				180D6606203A0B9300661157 /* Base */,
			);
			name = LaunchScreen.storyboard;
			sourceTree = "<group>";
		};
/* End PBXVariantGroup section */

/* Begin XCBuildConfiguration section */
		180D6609203A0B9300661157 /* Debug */ = {
			isa = XCBuildConfiguration;
			buildSettings = {
				ALWAYS_SEARCH_USER_PATHS = NO;
				CLANG_ANALYZER_NONNULL = YES;
				CLANG_ANALYZER_NUMBER_OBJECT_CONVERSION = YES_AGGRESSIVE;
				CLANG_CXX_LANGUAGE_STANDARD = "gnu++14";
				CLANG_CXX_LIBRARY = "libc++";
				CLANG_ENABLE_MODULES = YES;
				CLANG_ENABLE_OBJC_ARC = YES;
				CLANG_WARN_BLOCK_CAPTURE_AUTORELEASING = YES;
				CLANG_WARN_BOOL_CONVERSION = YES;
				CLANG_WARN_COMMA = YES;
				CLANG_WARN_CONSTANT_CONVERSION = YES;
				CLANG_WARN_DIRECT_OBJC_ISA_USAGE = YES_ERROR;
				CLANG_WARN_DOCUMENTATION_COMMENTS = YES;
				CLANG_WARN_EMPTY_BODY = YES;
				CLANG_WARN_ENUM_CONVERSION = YES;
				CLANG_WARN_INFINITE_RECURSION = YES;
				CLANG_WARN_INT_CONVERSION = YES;
				CLANG_WARN_NON_LITERAL_NULL_CONVERSION = YES;
				CLANG_WARN_OBJC_LITERAL_CONVERSION = YES;
				CLANG_WARN_OBJC_ROOT_CLASS = YES_ERROR;
				CLANG_WARN_RANGE_LOOP_ANALYSIS = YES;
				CLANG_WARN_STRICT_PROTOTYPES = YES;
				CLANG_WARN_SUSPICIOUS_MOVE = YES;
				CLANG_WARN_UNGUARDED_AVAILABILITY = YES_AGGRESSIVE;
				CLANG_WARN_UNREACHABLE_CODE = YES;
				CLANG_WARN__DUPLICATE_METHOD_MATCH = YES;
				CODE_SIGN_IDENTITY = "iPhone Developer";
				COPY_PHASE_STRIP = NO;
				DEBUG_INFORMATION_FORMAT = dwarf;
				ENABLE_STRICT_OBJC_MSGSEND = YES;
				ENABLE_TESTABILITY = YES;
				GCC_C_LANGUAGE_STANDARD = gnu11;
				GCC_DYNAMIC_NO_PIC = NO;
				GCC_NO_COMMON_BLOCKS = YES;
				GCC_OPTIMIZATION_LEVEL = 0;
				GCC_PREPROCESSOR_DEFINITIONS = (
					"DEBUG=1",
					"$(inherited)",
				);
				GCC_WARN_64_TO_32_BIT_CONVERSION = YES;
				GCC_WARN_ABOUT_RETURN_TYPE = YES_ERROR;
				GCC_WARN_UNDECLARED_SELECTOR = YES;
				GCC_WARN_UNINITIALIZED_AUTOS = YES_AGGRESSIVE;
				GCC_WARN_UNUSED_FUNCTION = YES;
				GCC_WARN_UNUSED_VARIABLE = YES;
				IPHONEOS_DEPLOYMENT_TARGET = 11.2;
				MTL_ENABLE_DEBUG_INFO = YES;
				ONLY_ACTIVE_ARCH = YES;
				SDKROOT = iphoneos;
				SWIFT_ACTIVE_COMPILATION_CONDITIONS = DEBUG;
				SWIFT_OPTIMIZATION_LEVEL = "-Onone";
			};
			name = Debug;
		};
		180D660A203A0B9300661157 /* Release */ = {
			isa = XCBuildConfiguration;
			buildSettings = {
				ALWAYS_SEARCH_USER_PATHS = NO;
				CLANG_ANALYZER_NONNULL = YES;
				CLANG_ANALYZER_NUMBER_OBJECT_CONVERSION = YES_AGGRESSIVE;
				CLANG_CXX_LANGUAGE_STANDARD = "gnu++14";
				CLANG_CXX_LIBRARY = "libc++";
				CLANG_ENABLE_MODULES = YES;
				CLANG_ENABLE_OBJC_ARC = YES;
				CLANG_WARN_BLOCK_CAPTURE_AUTORELEASING = YES;
				CLANG_WARN_BOOL_CONVERSION = YES;
				CLANG_WARN_COMMA = YES;
				CLANG_WARN_CONSTANT_CONVERSION = YES;
				CLANG_WARN_DIRECT_OBJC_ISA_USAGE = YES_ERROR;
				CLANG_WARN_DOCUMENTATION_COMMENTS = YES;
				CLANG_WARN_EMPTY_BODY = YES;
				CLANG_WARN_ENUM_CONVERSION = YES;
				CLANG_WARN_INFINITE_RECURSION = YES;
				CLANG_WARN_INT_CONVERSION = YES;
				CLANG_WARN_NON_LITERAL_NULL_CONVERSION = YES;
				CLANG_WARN_OBJC_LITERAL_CONVERSION = YES;
				CLANG_WARN_OBJC_ROOT_CLASS = YES_ERROR;
				CLANG_WARN_RANGE_LOOP_ANALYSIS = YES;
				CLANG_WARN_STRICT_PROTOTYPES = YES;
				CLANG_WARN_SUSPICIOUS_MOVE = YES;
				CLANG_WARN_UNGUARDED_AVAILABILITY = YES_AGGRESSIVE;
				CLANG_WARN_UNREACHABLE_CODE = YES;
				CLANG_WARN__DUPLICATE_METHOD_MATCH = YES;
				CODE_SIGN_IDENTITY = "iPhone Developer";
				COPY_PHASE_STRIP = NO;
				DEBUG_INFORMATION_FORMAT = "dwarf-with-dsym";
				ENABLE_NS_ASSERTIONS = NO;
				ENABLE_STRICT_OBJC_MSGSEND = YES;
				GCC_C_LANGUAGE_STANDARD = gnu11;
				GCC_NO_COMMON_BLOCKS = YES;
				GCC_WARN_64_TO_32_BIT_CONVERSION = YES;
				GCC_WARN_ABOUT_RETURN_TYPE = YES_ERROR;
				GCC_WARN_UNDECLARED_SELECTOR = YES;
				GCC_WARN_UNINITIALIZED_AUTOS = YES_AGGRESSIVE;
				GCC_WARN_UNUSED_FUNCTION = YES;
				GCC_WARN_UNUSED_VARIABLE = YES;
				IPHONEOS_DEPLOYMENT_TARGET = 11.2;
				MTL_ENABLE_DEBUG_INFO = NO;
				SDKROOT = iphoneos;
				SWIFT_OPTIMIZATION_LEVEL = "-Owholemodule";
				VALIDATE_PRODUCT = YES;
			};
			name = Release;
		};
		180D660C203A0B9300661157 /* Debug */ = {
			isa = XCBuildConfiguration;
			buildSettings = {
				ASSETCATALOG_COMPILER_APPICON_NAME = AppIcon;
				CODE_SIGN_STYLE = Automatic;
				DEVELOPMENT_TEAM = QZ7SMYA7GB;
				INFOPLIST_FILE = "Lifespan 2018/Info.plist";
				LD_RUNPATH_SEARCH_PATHS = "$(inherited) @executable_path/Frameworks";
				PRODUCT_BUNDLE_IDENTIFIER = "Epic-Loot.Lifespan-2018";
				PRODUCT_NAME = "$(TARGET_NAME)";
				SWIFT_VERSION = 4.0;
				TARGETED_DEVICE_FAMILY = "1,2";
			};
			name = Debug;
		};
		180D660D203A0B9300661157 /* Release */ = {
			isa = XCBuildConfiguration;
			buildSettings = {
				ASSETCATALOG_COMPILER_APPICON_NAME = AppIcon;
				CODE_SIGN_STYLE = Automatic;
				DEVELOPMENT_TEAM = QZ7SMYA7GB;
				INFOPLIST_FILE = "Lifespan 2018/Info.plist";
				LD_RUNPATH_SEARCH_PATHS = "$(inherited) @executable_path/Frameworks";
				PRODUCT_BUNDLE_IDENTIFIER = "Epic-Loot.Lifespan-2018";
				PRODUCT_NAME = "$(TARGET_NAME)";
				SWIFT_VERSION = 4.0;
				TARGETED_DEVICE_FAMILY = "1,2";
			};
			name = Release;
		};
/* End XCBuildConfiguration section */

/* Begin XCConfigurationList section */
		180D65F4203A0B9200661157 /* Build configuration list for PBXProject "Lifespan 2018" */ = {
			isa = XCConfigurationList;
			buildConfigurations = (
				180D6609203A0B9300661157 /* Debug */,
				180D660A203A0B9300661157 /* Release */,
			);
			defaultConfigurationIsVisible = 0;
			defaultConfigurationName = Release;
		};
		180D660B203A0B9300661157 /* Build configuration list for PBXNativeTarget "Lifespan 2018" */ = {
			isa = XCConfigurationList;
			buildConfigurations = (
				180D660C203A0B9300661157 /* Debug */,
				180D660D203A0B9300661157 /* Release */,
			);
			defaultConfigurationIsVisible = 0;
			defaultConfigurationName = Release;
		};
/* End XCConfigurationList section */
	};
	rootObject = 180D65F1203A0B9200661157 /* Project object */;
}
